// !$*UTF8*$!
{
	archiveVersion = 1;
	classes = {
	};
	objectVersion = 50;
	objects = {

/* Begin PBXBuildFile section */
		938DF66A01E62C65F3C5AE51 /* Pods_cinemaDribbleClone.framework in Frameworks */ = {isa = PBXBuildFile; fileRef = 09322CC726FC3B8ECEAADA3A /* Pods_cinemaDribbleClone.framework */; };
		ADBDAA20223FA16B00F09D8C /* AppDelegate.swift in Sources */ = {isa = PBXBuildFile; fileRef = ADBDAA1F223FA16B00F09D8C /* AppDelegate.swift */; };
		ADBDAA22223FA16B00F09D8C /* ViewController.swift in Sources */ = {isa = PBXBuildFile; fileRef = ADBDAA21223FA16B00F09D8C /* ViewController.swift */; };
		ADBDAA25223FA16B00F09D8C /* Main.storyboard in Resources */ = {isa = PBXBuildFile; fileRef = ADBDAA23223FA16B00F09D8C /* Main.storyboard */; };
		ADBDAA27223FA16B00F09D8C /* Assets.xcassets in Resources */ = {isa = PBXBuildFile; fileRef = ADBDAA26223FA16B00F09D8C /* Assets.xcassets */; };
		ADBDAA2A223FA16B00F09D8C /* LaunchScreen.storyboard in Resources */ = {isa = PBXBuildFile; fileRef = ADBDAA28223FA16B00F09D8C /* LaunchScreen.storyboard */; };
/* End PBXBuildFile section */

/* Begin PBXFileReference section */
		09322CC726FC3B8ECEAADA3A /* Pods_cinemaDribbleClone.framework */ = {isa = PBXFileReference; explicitFileType = wrapper.framework; includeInIndex = 0; path = Pods_cinemaDribbleClone.framework; sourceTree = BUILT_PRODUCTS_DIR; };
		5AD06FC4E3EFBA180D936087 /* Pods-cinemaDribbleClone.release.xcconfig */ = {isa = PBXFileReference; includeInIndex = 1; lastKnownFileType = text.xcconfig; name = "Pods-cinemaDribbleClone.release.xcconfig"; path = "Pods/Target Support Files/Pods-cinemaDribbleClone/Pods-cinemaDribbleClone.release.xcconfig"; sourceTree = "<group>"; };
		715981ECC7B1D5E9C32E105E /* Pods-cinemaDribbleClone.debug.xcconfig */ = {isa = PBXFileReference; includeInIndex = 1; lastKnownFileType = text.xcconfig; name = "Pods-cinemaDribbleClone.debug.xcconfig"; path = "Pods/Target Support Files/Pods-cinemaDribbleClone/Pods-cinemaDribbleClone.debug.xcconfig"; sourceTree = "<group>"; };
		ADBDAA1C223FA16B00F09D8C /* cinemaDribbleClone.app */ = {isa = PBXFileReference; explicitFileType = wrapper.application; includeInIndex = 0; path = cinemaDribbleClone.app; sourceTree = BUILT_PRODUCTS_DIR; };
		ADBDAA1F223FA16B00F09D8C /* AppDelegate.swift */ = {isa = PBXFileReference; lastKnownFileType = sourcecode.swift; path = AppDelegate.swift; sourceTree = "<group>"; };
		ADBDAA21223FA16B00F09D8C /* ViewController.swift */ = {isa = PBXFileReference; lastKnownFileType = sourcecode.swift; path = ViewController.swift; sourceTree = "<group>"; };
		ADBDAA24223FA16B00F09D8C /* Base */ = {isa = PBXFileReference; lastKnownFileType = file.storyboard; name = Base; path = Base.lproj/Main.storyboard; sourceTree = "<group>"; };
		ADBDAA26223FA16B00F09D8C /* Assets.xcassets */ = {isa = PBXFileReference; lastKnownFileType = folder.assetcatalog; path = Assets.xcassets; sourceTree = "<group>"; };
		ADBDAA29223FA16B00F09D8C /* Base */ = {isa = PBXFileReference; lastKnownFileType = file.storyboard; name = Base; path = Base.lproj/LaunchScreen.storyboard; sourceTree = "<group>"; };
		ADBDAA2B223FA16B00F09D8C /* Info.plist */ = {isa = PBXFileReference; lastKnownFileType = text.plist.xml; path = Info.plist; sourceTree = "<group>"; };
/* End PBXFileReference section */

/* Begin PBXFrameworksBuildPhase section */
		ADBDAA19223FA16B00F09D8C /* Frameworks */ = {
			isa = PBXFrameworksBuildPhase;
			buildActionMask = 2147483647;
			files = (
				938DF66A01E62C65F3C5AE51 /* Pods_cinemaDribbleClone.framework in Frameworks */,
			);
			runOnlyForDeploymentPostprocessing = 0;
		};
/* End PBXFrameworksBuildPhase section */

/* Begin PBXGroup section */
		2614B53D507276383446F364 /* Pods */ = {
			isa = PBXGroup;
			children = (
				715981ECC7B1D5E9C32E105E /* Pods-cinemaDribbleClone.debug.xcconfig */,
				5AD06FC4E3EFBA180D936087 /* Pods-cinemaDribbleClone.release.xcconfig */,
			);
			name = Pods;
			sourceTree = "<group>";
		};
		8AF660181EA686EBCB0EBA6B /* Frameworks */ = {
			isa = PBXGroup;
			children = (
				09322CC726FC3B8ECEAADA3A /* Pods_cinemaDribbleClone.framework */,
			);
			name = Frameworks;
			sourceTree = "<group>";
		};
		ADBDAA13223FA16B00F09D8C = {
			isa = PBXGroup;
			children = (
				ADBDAA1E223FA16B00F09D8C /* cinemaDribbleClone */,
				ADBDAA1D223FA16B00F09D8C /* Products */,
				2614B53D507276383446F364 /* Pods */,
				8AF660181EA686EBCB0EBA6B /* Frameworks */,
			);
			sourceTree = "<group>";
		};
		ADBDAA1D223FA16B00F09D8C /* Products */ = {
			isa = PBXGroup;
			children = (
				ADBDAA1C223FA16B00F09D8C /* cinemaDribbleClone.app */,
			);
			name = Products;
			sourceTree = "<group>";
		};
		ADBDAA1E223FA16B00F09D8C /* cinemaDribbleClone */ = {
			isa = PBXGroup;
			children = (
				ADBDAA33223FA44B00F09D8C /* New Group */,
				ADBDAA1F223FA16B00F09D8C /* AppDelegate.swift */,
				ADBDAA21223FA16B00F09D8C /* ViewController.swift */,
				ADBDAA23223FA16B00F09D8C /* Main.storyboard */,
				ADBDAA26223FA16B00F09D8C /* Assets.xcassets */,
				ADBDAA28223FA16B00F09D8C /* LaunchScreen.storyboard */,
				ADBDAA2B223FA16B00F09D8C /* Info.plist */,
			);
			path = cinemaDribbleClone;
			sourceTree = "<group>";
		};
		ADBDAA33223FA44B00F09D8C /* New Group */ = {
			isa = PBXGroup;
			children = (
			);
			path = "New Group";
			sourceTree = "<group>";
		};
/* End PBXGroup section */

/* Begin PBXNativeTarget section */
		ADBDAA1B223FA16B00F09D8C /* cinemaDribbleClone */ = {
			isa = PBXNativeTarget;
			buildConfigurationList = ADBDAA2E223FA16B00F09D8C /* Build configuration list for PBXNativeTarget "cinemaDribbleClone" */;
			buildPhases = (
				FFD48D3D042B749B1CB3DFF2 /* [CP] Check Pods Manifest.lock */,
				ADBDAA18223FA16B00F09D8C /* Sources */,
				ADBDAA19223FA16B00F09D8C /* Frameworks */,
				ADBDAA1A223FA16B00F09D8C /* Resources */,
				AF1591CD538B3050382784B3 /* [CP] Embed Pods Frameworks */,
			);
			buildRules = (
			);
			dependencies = (
			);
			name = cinemaDribbleClone;
			productName = cinemaDribbleClone;
			productReference = ADBDAA1C223FA16B00F09D8C /* cinemaDribbleClone.app */;
			productType = "com.apple.product-type.application";
		};
/* End PBXNativeTarget section */

/* Begin PBXProject section */
		ADBDAA14223FA16B00F09D8C /* Project object */ = {
			isa = PBXProject;
			attributes = {
				LastSwiftUpdateCheck = 1010;
				LastUpgradeCheck = 1010;
				ORGANIZATIONNAME = "성용강";
				TargetAttributes = {
					ADBDAA1B223FA16B00F09D8C = {
						CreatedOnToolsVersion = 10.1;
					};
				};
			};
			buildConfigurationList = ADBDAA17223FA16B00F09D8C /* Build configuration list for PBXProject "cinemaDribbleClone" */;
			compatibilityVersion = "Xcode 9.3";
			developmentRegion = en;
			hasScannedForEncodings = 0;
			knownRegions = (
				en,
				Base,
			);
			mainGroup = ADBDAA13223FA16B00F09D8C;
			productRefGroup = ADBDAA1D223FA16B00F09D8C /* Products */;
			projectDirPath = "";
			projectRoot = "";
			targets = (
				ADBDAA1B223FA16B00F09D8C /* cinemaDribbleClone */,
			);
		};
/* End PBXProject section */

/* Begin PBXResourcesBuildPhase section */
		ADBDAA1A223FA16B00F09D8C /* Resources */ = {
			isa = PBXResourcesBuildPhase;
			buildActionMask = 2147483647;
			files = (
				ADBDAA2A223FA16B00F09D8C /* LaunchScreen.storyboard in Resources */,
				ADBDAA27223FA16B00F09D8C /* Assets.xcassets in Resources */,
				ADBDAA25223FA16B00F09D8C /* Main.storyboard in Resources */,
			);
			runOnlyForDeploymentPostprocessing = 0;
		};
/* End PBXResourcesBuildPhase section */

/* Begin PBXShellScriptBuildPhase section */
		AF1591CD538B3050382784B3 /* [CP] Embed Pods Frameworks */ = {
			isa = PBXShellScriptBuildPhase;
			buildActionMask = 2147483647;
			files = (
			);
			inputPaths = (
				"${SRCROOT}/Pods/Target Support Files/Pods-cinemaDribbleClone/Pods-cinemaDribbleClone-frameworks.sh",
				"${BUILT_PRODUCTS_DIR}/SnapKit/SnapKit.framework",
			);
			name = "[CP] Embed Pods Frameworks";
			outputPaths = (
				"${TARGET_BUILD_DIR}/${FRAMEWORKS_FOLDER_PATH}/SnapKit.framework",
			);
			runOnlyForDeploymentPostprocessing = 0;
			shellPath = /bin/sh;
			shellScript = "\"${SRCROOT}/Pods/Target Support Files/Pods-cinemaDribbleClone/Pods-cinemaDribbleClone-frameworks.sh\"\n";
			showEnvVarsInLog = 0;
		};
		FFD48D3D042B749B1CB3DFF2 /* [CP] Check Pods Manifest.lock */ = {
			isa = PBXShellScriptBuildPhase;
			buildActionMask = 2147483647;
			files = (
			);
			inputPaths = (
				"${PODS_PODFILE_DIR_PATH}/Podfile.lock",
				"${PODS_ROOT}/Manifest.lock",
			);
			name = "[CP] Check Pods Manifest.lock";
			outputPaths = (
				"$(DERIVED_FILE_DIR)/Pods-cinemaDribbleClone-checkManifestLockResult.txt",
			);
			runOnlyForDeploymentPostprocessing = 0;
			shellPath = /bin/sh;
			shellScript = "diff \"${PODS_PODFILE_DIR_PATH}/Podfile.lock\" \"${PODS_ROOT}/Manifest.lock\" > /dev/null\nif [ $? != 0 ] ; then\n    # print error to STDERR\n    echo \"error: The sandbox is not in sync with the Podfile.lock. Run 'pod install' or update your CocoaPods installation.\" >&2\n    exit 1\nfi\n# This output is used by Xcode 'outputs' to avoid re-running this script phase.\necho \"SUCCESS\" > \"${SCRIPT_OUTPUT_FILE_0}\"\n";
			showEnvVarsInLog = 0;
		};
/* End PBXShellScriptBuildPhase section */

/* Begin PBXSourcesBuildPhase section */
		ADBDAA18223FA16B00F09D8C /* Sources */ = {
			isa = PBXSourcesBuildPhase;
			buildActionMask = 2147483647;
			files = (
				ADBDAA22223FA16B00F09D8C /* ViewController.swift in Sources */,
				ADBDAA20223FA16B00F09D8C /* AppDelegate.swift in Sources */,
			);
			runOnlyForDeploymentPostprocessing = 0;
		};
/* End PBXSourcesBuildPhase section */

/* Begin PBXVariantGroup section */
		ADBDAA23223FA16B00F09D8C /* Main.storyboard */ = {
			isa = PBXVariantGroup;
			children = (
				ADBDAA24223FA16B00F09D8C /* Base */,
			);
			name = Main.storyboard;
			sourceTree = "<group>";
		};
		ADBDAA28223FA16B00F09D8C /* LaunchScreen.storyboard */ = {
			isa = PBXVariantGroup;
			children = (
				ADBDAA29223FA16B00F09D8C /* Base */,
			);
			name = LaunchScreen.storyboard;
			sourceTree = "<group>";
		};
/* End PBXVariantGroup section */

/* Begin XCBuildConfiguration section */
		ADBDAA2C223FA16B00F09D8C /* Debug */ = {
			isa = XCBuildConfiguration;
			buildSettings = {
				ALWAYS_SEARCH_USER_PATHS = NO;
				CLANG_ANALYZER_NONNULL = YES;
				CLANG_ANALYZER_NUMBER_OBJECT_CONVERSION = YES_AGGRESSIVE;
				CLANG_CXX_LANGUAGE_STANDARD = "gnu++14";
				CLANG_CXX_LIBRARY = "libc++";
				CLANG_ENABLE_MODULES = YES;
				CLANG_ENABLE_OBJC_ARC = YES;
				CLANG_ENABLE_OBJC_WEAK = YES;
				CLANG_WARN_BLOCK_CAPTURE_AUTORELEASING = YES;
				CLANG_WARN_BOOL_CONVERSION = YES;
				CLANG_WARN_COMMA = YES;
				CLANG_WARN_CONSTANT_CONVERSION = YES;
				CLANG_WARN_DEPRECATED_OBJC_IMPLEMENTATIONS = YES;
				CLANG_WARN_DIRECT_OBJC_ISA_USAGE = YES_ERROR;
				CLANG_WARN_DOCUMENTATION_COMMENTS = YES;
				CLANG_WARN_EMPTY_BODY = YES;
				CLANG_WARN_ENUM_CONVERSION = YES;
				CLANG_WARN_INFINITE_RECURSION = YES;
				CLANG_WARN_INT_CONVERSION = YES;
				CLANG_WARN_NON_LITERAL_NULL_CONVERSION = YES;
				CLANG_WARN_OBJC_IMPLICIT_RETAIN_SELF = YES;
				CLANG_WARN_OBJC_LITERAL_CONVERSION = YES;
				CLANG_WARN_OBJC_ROOT_CLASS = YES_ERROR;
				CLANG_WARN_RANGE_LOOP_ANALYSIS = YES;
				CLANG_WARN_STRICT_PROTOTYPES = YES;
				CLANG_WARN_SUSPICIOUS_MOVE = YES;
				CLANG_WARN_UNGUARDED_AVAILABILITY = YES_AGGRESSIVE;
				CLANG_WARN_UNREACHABLE_CODE = YES;
				CLANG_WARN__DUPLICATE_METHOD_MATCH = YES;
				CODE_SIGN_IDENTITY = "iPhone Developer";
				COPY_PHASE_STRIP = NO;
				DEBUG_INFORMATION_FORMAT = dwarf;
				ENABLE_STRICT_OBJC_MSGSEND = YES;
				ENABLE_TESTABILITY = YES;
				GCC_C_LANGUAGE_STANDARD = gnu11;
				GCC_DYNAMIC_NO_PIC = NO;
				GCC_NO_COMMON_BLOCKS = YES;
				GCC_OPTIMIZATION_LEVEL = 0;
				GCC_PREPROCESSOR_DEFINITIONS = (
					"DEBUG=1",
					"$(inherited)",
				);
				GCC_WARN_64_TO_32_BIT_CONVERSION = YES;
				GCC_WARN_ABOUT_RETURN_TYPE = YES_ERROR;
				GCC_WARN_UNDECLARED_SELECTOR = YES;
				GCC_WARN_UNINITIALIZED_AUTOS = YES_AGGRESSIVE;
				GCC_WARN_UNUSED_FUNCTION = YES;
				GCC_WARN_UNUSED_VARIABLE = YES;
				IPHONEOS_DEPLOYMENT_TARGET = 12.1;
				MTL_ENABLE_DEBUG_INFO = INCLUDE_SOURCE;
				MTL_FAST_MATH = YES;
				ONLY_ACTIVE_ARCH = YES;
				SDKROOT = iphoneos;
				SWIFT_ACTIVE_COMPILATION_CONDITIONS = DEBUG;
				SWIFT_OPTIMIZATION_LEVEL = "-Onone";
			};
			name = Debug;
		};
		ADBDAA2D223FA16B00F09D8C /* Release */ = {
			isa = XCBuildConfiguration;
			buildSettings = {
				ALWAYS_SEARCH_USER_PATHS = NO;
				CLANG_ANALYZER_NONNULL = YES;
				CLANG_ANALYZER_NUMBER_OBJECT_CONVERSION = YES_AGGRESSIVE;
				CLANG_CXX_LANGUAGE_STANDARD = "gnu++14";
				CLANG_CXX_LIBRARY = "libc++";
				CLANG_ENABLE_MODULES = YES;
				CLANG_ENABLE_OBJC_ARC = YES;
				CLANG_ENABLE_OBJC_WEAK = YES;
				CLANG_WARN_BLOCK_CAPTURE_AUTORELEASING = YES;
				CLANG_WARN_BOOL_CONVERSION = YES;
				CLANG_WARN_COMMA = YES;
				CLANG_WARN_CONSTANT_CONVERSION = YES;
				CLANG_WARN_DEPRECATED_OBJC_IMPLEMENTATIONS = YES;
				CLANG_WARN_DIRECT_OBJC_ISA_USAGE = YES_ERROR;
				CLANG_WARN_DOCUMENTATION_COMMENTS = YES;
				CLANG_WARN_EMPTY_BODY = YES;
				CLANG_WARN_ENUM_CONVERSION = YES;
				CLANG_WARN_INFINITE_RECURSION = YES;
				CLANG_WARN_INT_CONVERSION = YES;
				CLANG_WARN_NON_LITERAL_NULL_CONVERSION = YES;
				CLANG_WARN_OBJC_IMPLICIT_RETAIN_SELF = YES;
				CLANG_WARN_OBJC_LITERAL_CONVERSION = YES;
				CLANG_WARN_OBJC_ROOT_CLASS = YES_ERROR;
				CLANG_WARN_RANGE_LOOP_ANALYSIS = YES;
				CLANG_WARN_STRICT_PROTOTYPES = YES;
				CLANG_WARN_SUSPICIOUS_MOVE = YES;
				CLANG_WARN_UNGUARDED_AVAILABILITY = YES_AGGRESSIVE;
				CLANG_WARN_UNREACHABLE_CODE = YES;
				CLANG_WARN__DUPLICATE_METHOD_MATCH = YES;
				CODE_SIGN_IDENTITY = "iPhone Developer";
				COPY_PHASE_STRIP = NO;
				DEBUG_INFORMATION_FORMAT = "dwarf-with-dsym";
				ENABLE_NS_ASSERTIONS = NO;
				ENABLE_STRICT_OBJC_MSGSEND = YES;
				GCC_C_LANGUAGE_STANDARD = gnu11;
				GCC_NO_COMMON_BLOCKS = YES;
				GCC_WARN_64_TO_32_BIT_CONVERSION = YES;
				GCC_WARN_ABOUT_RETURN_TYPE = YES_ERROR;
				GCC_WARN_UNDECLARED_SELECTOR = YES;
				GCC_WARN_UNINITIALIZED_AUTOS = YES_AGGRESSIVE;
				GCC_WARN_UNUSED_FUNCTION = YES;
				GCC_WARN_UNUSED_VARIABLE = YES;
				IPHONEOS_DEPLOYMENT_TARGET = 12.1;
				MTL_ENABLE_DEBUG_INFO = NO;
				MTL_FAST_MATH = YES;
				SDKROOT = iphoneos;
				SWIFT_COMPILATION_MODE = wholemodule;
				SWIFT_OPTIMIZATION_LEVEL = "-O";
				VALIDATE_PRODUCT = YES;
			};
			name = Release;
		};
		ADBDAA2F223FA16B00F09D8C /* Debug */ = {
			isa = XCBuildConfiguration;
			baseConfigurationReference = 715981ECC7B1D5E9C32E105E /* Pods-cinemaDribbleClone.debug.xcconfig */;
			buildSettings = {
				ASSETCATALOG_COMPILER_APPICON_NAME = AppIcon;
				CODE_SIGN_STYLE = Automatic;
				DEVELOPMENT_TEAM = U6L6476C2Z;
				INFOPLIST_FILE = cinemaDribbleClone/Info.plist;
				LD_RUNPATH_SEARCH_PATHS = (
					"$(inherited)",
					"@executable_path/Frameworks",
				);
				PRODUCT_BUNDLE_IDENTIFIER = asdfasdfasdfasdf.cinemaDribbleClone;
				PRODUCT_NAME = "$(TARGET_NAME)";
				SWIFT_VERSION = 4.2;
				TARGETED_DEVICE_FAMILY = "1,2";
			};
			name = Debug;
		};
		ADBDAA30223FA16B00F09D8C /* Release */ = {
			isa = XCBuildConfiguration;
			baseConfigurationReference = 5AD06FC4E3EFBA180D936087 /* Pods-cinemaDribbleClone.release.xcconfig */;
			buildSettings = {
				ASSETCATALOG_COMPILER_APPICON_NAME = AppIcon;
				CODE_SIGN_STYLE = Automatic;
				DEVELOPMENT_TEAM = U6L6476C2Z;
				INFOPLIST_FILE = cinemaDribbleClone/Info.plist;
				LD_RUNPATH_SEARCH_PATHS = (
					"$(inherited)",
					"@executable_path/Frameworks",
				);
				PRODUCT_BUNDLE_IDENTIFIER = asdfasdfasdfasdf.cinemaDribbleClone;
				PRODUCT_NAME = "$(TARGET_NAME)";
				SWIFT_VERSION = 4.2;
				TARGETED_DEVICE_FAMILY = "1,2";
			};
			name = Release;
		};
/* End XCBuildConfiguration section */

/* Begin XCConfigurationList section */
		ADBDAA17223FA16B00F09D8C /* Build configuration list for PBXProject "cinemaDribbleClone" */ = {
			isa = XCConfigurationList;
			buildConfigurations = (
				ADBDAA2C223FA16B00F09D8C /* Debug */,
				ADBDAA2D223FA16B00F09D8C /* Release */,
			);
			defaultConfigurationIsVisible = 0;
			defaultConfigurationName = Release;
		};
		ADBDAA2E223FA16B00F09D8C /* Build configuration list for PBXNativeTarget "cinemaDribbleClone" */ = {
			isa = XCConfigurationList;
			buildConfigurations = (
				ADBDAA2F223FA16B00F09D8C /* Debug */,
				ADBDAA30223FA16B00F09D8C /* Release */,
			);
			defaultConfigurationIsVisible = 0;
			defaultConfigurationName = Release;
		};
/* End XCConfigurationList section */
	};
	rootObject = ADBDAA14223FA16B00F09D8C /* Project object */;
}
